// !$*UTF8*$!
{
	archiveVersion = 1;
	classes = {
	};
	objectVersion = 50;
	objects = {

/* Begin PBXBuildFile section */
		D18EBCE426B7E0EE00F06DC7 /* AppDelegate.swift in Sources */ = {isa = PBXBuildFile; fileRef = D18EBCE326B7E0EE00F06DC7 /* AppDelegate.swift */; };
		D18EBCE626B7E0EE00F06DC7 /* SceneDelegate.swift in Sources */ = {isa = PBXBuildFile; fileRef = D18EBCE526B7E0EE00F06DC7 /* SceneDelegate.swift */; };
		D18EBCE826B7E0EE00F06DC7 /* ViewController.swift in Sources */ = {isa = PBXBuildFile; fileRef = D18EBCE726B7E0EE00F06DC7 /* ViewController.swift */; };
		D18EBCEB26B7E0EE00F06DC7 /* Main.storyboard in Resources */ = {isa = PBXBuildFile; fileRef = D18EBCE926B7E0EE00F06DC7 /* Main.storyboard */; };
		D18EBCED26B7E0F000F06DC7 /* Assets.xcassets in Resources */ = {isa = PBXBuildFile; fileRef = D18EBCEC26B7E0F000F06DC7 /* Assets.xcassets */; };
		D18EBCF026B7E0F000F06DC7 /* LaunchScreen.storyboard in Resources */ = {isa = PBXBuildFile; fileRef = D18EBCEE26B7E0F000F06DC7 /* LaunchScreen.storyboard */; };
		D18EBCFB26B7E0F000F06DC7 /* HelloWorldTests.swift in Sources */ = {isa = PBXBuildFile; fileRef = D18EBCFA26B7E0F000F06DC7 /* HelloWorldTests.swift */; };
		D18EBD0626B7E0F000F06DC7 /* HelloWorldUITests.swift in Sources */ = {isa = PBXBuildFile; fileRef = D18EBD0526B7E0F000F06DC7 /* HelloWorldUITests.swift */; };
/* End PBXBuildFile section */

/* Begin PBXContainerItemProxy section */
		D18EBCF726B7E0F000F06DC7 /* PBXContainerItemProxy */ = {
			isa = PBXContainerItemProxy;
			containerPortal = D18EBCD826B7E0ED00F06DC7 /* Project object */;
			proxyType = 1;
			remoteGlobalIDString = D18EBCDF26B7E0EE00F06DC7;
			remoteInfo = HelloWorld;
		};
		D18EBD0226B7E0F000F06DC7 /* PBXContainerItemProxy */ = {
			isa = PBXContainerItemProxy;
			containerPortal = D18EBCD826B7E0ED00F06DC7 /* Project object */;
			proxyType = 1;
			remoteGlobalIDString = D18EBCDF26B7E0EE00F06DC7;
			remoteInfo = HelloWorld;
		};
/* End PBXContainerItemProxy section */

/* Begin PBXFileReference section */
		D18EBCE026B7E0EE00F06DC7 /* HelloWorld.app */ = {isa = PBXFileReference; explicitFileType = wrapper.application; includeInIndex = 0; path = HelloWorld.app; sourceTree = BUILT_PRODUCTS_DIR; };
		D18EBCE326B7E0EE00F06DC7 /* AppDelegate.swift */ = {isa = PBXFileReference; lastKnownFileType = sourcecode.swift; path = AppDelegate.swift; sourceTree = "<group>"; };
		D18EBCE526B7E0EE00F06DC7 /* SceneDelegate.swift */ = {isa = PBXFileReference; lastKnownFileType = sourcecode.swift; path = SceneDelegate.swift; sourceTree = "<group>"; };
		D18EBCE726B7E0EE00F06DC7 /* ViewController.swift */ = {isa = PBXFileReference; lastKnownFileType = sourcecode.swift; path = ViewController.swift; sourceTree = "<group>"; };
		D18EBCEA26B7E0EE00F06DC7 /* Base */ = {isa = PBXFileReference; lastKnownFileType = file.storyboard; name = Base; path = Base.lproj/Main.storyboard; sourceTree = "<group>"; };
		D18EBCEC26B7E0F000F06DC7 /* Assets.xcassets */ = {isa = PBXFileReference; lastKnownFileType = folder.assetcatalog; path = Assets.xcassets; sourceTree = "<group>"; };
		D18EBCEF26B7E0F000F06DC7 /* Base */ = {isa = PBXFileReference; lastKnownFileType = file.storyboard; name = Base; path = Base.lproj/LaunchScreen.storyboard; sourceTree = "<group>"; };
		D18EBCF126B7E0F000F06DC7 /* Info.plist */ = {isa = PBXFileReference; lastKnownFileType = text.plist.xml; path = Info.plist; sourceTree = "<group>"; };
		D18EBCF626B7E0F000F06DC7 /* HelloWorldTests.xctest */ = {isa = PBXFileReference; explicitFileType = wrapper.cfbundle; includeInIndex = 0; path = HelloWorldTests.xctest; sourceTree = BUILT_PRODUCTS_DIR; };
		D18EBCFA26B7E0F000F06DC7 /* HelloWorldTests.swift */ = {isa = PBXFileReference; lastKnownFileType = sourcecode.swift; path = HelloWorldTests.swift; sourceTree = "<group>"; };
		D18EBCFC26B7E0F000F06DC7 /* Info.plist */ = {isa = PBXFileReference; lastKnownFileType = text.plist.xml; path = Info.plist; sourceTree = "<group>"; };
		D18EBD0126B7E0F000F06DC7 /* HelloWorldUITests.xctest */ = {isa = PBXFileReference; explicitFileType = wrapper.cfbundle; includeInIndex = 0; path = HelloWorldUITests.xctest; sourceTree = BUILT_PRODUCTS_DIR; };
		D18EBD0526B7E0F000F06DC7 /* HelloWorldUITests.swift */ = {isa = PBXFileReference; lastKnownFileType = sourcecode.swift; path = HelloWorldUITests.swift; sourceTree = "<group>"; };
		D18EBD0726B7E0F000F06DC7 /* Info.plist */ = {isa = PBXFileReference; lastKnownFileType = text.plist.xml; path = Info.plist; sourceTree = "<group>"; };
/* End PBXFileReference section */

/* Begin PBXFrameworksBuildPhase section */
		D18EBCDD26B7E0EE00F06DC7 /* Frameworks */ = {
			isa = PBXFrameworksBuildPhase;
			buildActionMask = 2147483647;
			files = (
			);
			runOnlyForDeploymentPostprocessing = 0;
		};
		D18EBCF326B7E0F000F06DC7 /* Frameworks */ = {
			isa = PBXFrameworksBuildPhase;
			buildActionMask = 2147483647;
			files = (
			);
			runOnlyForDeploymentPostprocessing = 0;
		};
		D18EBCFE26B7E0F000F06DC7 /* Frameworks */ = {
			isa = PBXFrameworksBuildPhase;
			buildActionMask = 2147483647;
			files = (
			);
			runOnlyForDeploymentPostprocessing = 0;
		};
/* End PBXFrameworksBuildPhase section */

/* Begin PBXGroup section */
		D18EBCD726B7E0ED00F06DC7 = {
			isa = PBXGroup;
			children = (
				D18EBCE226B7E0EE00F06DC7 /* HelloWorld */,
				D18EBCF926B7E0F000F06DC7 /* HelloWorldTests */,
				D18EBD0426B7E0F000F06DC7 /* HelloWorldUITests */,
				D18EBCE126B7E0EE00F06DC7 /* Products */,
			);
			sourceTree = "<group>";
		};
		D18EBCE126B7E0EE00F06DC7 /* Products */ = {
			isa = PBXGroup;
			children = (
				D18EBCE026B7E0EE00F06DC7 /* HelloWorld.app */,
				D18EBCF626B7E0F000F06DC7 /* HelloWorldTests.xctest */,
				D18EBD0126B7E0F000F06DC7 /* HelloWorldUITests.xctest */,
			);
			name = Products;
			sourceTree = "<group>";
		};
		D18EBCE226B7E0EE00F06DC7 /* HelloWorld */ = {
			isa = PBXGroup;
			children = (
				D18EBCE326B7E0EE00F06DC7 /* AppDelegate.swift */,
				D18EBCE526B7E0EE00F06DC7 /* SceneDelegate.swift */,
				D18EBCE726B7E0EE00F06DC7 /* ViewController.swift */,
				D18EBCE926B7E0EE00F06DC7 /* Main.storyboard */,
				D18EBCEC26B7E0F000F06DC7 /* Assets.xcassets */,
				D18EBCEE26B7E0F000F06DC7 /* LaunchScreen.storyboard */,
				D18EBCF126B7E0F000F06DC7 /* Info.plist */,
			);
			path = HelloWorld;
			sourceTree = "<group>";
		};
		D18EBCF926B7E0F000F06DC7 /* HelloWorldTests */ = {
			isa = PBXGroup;
			children = (
				D18EBCFA26B7E0F000F06DC7 /* HelloWorldTests.swift */,
				D18EBCFC26B7E0F000F06DC7 /* Info.plist */,
			);
			path = HelloWorldTests;
			sourceTree = "<group>";
		};
		D18EBD0426B7E0F000F06DC7 /* HelloWorldUITests */ = {
			isa = PBXGroup;
			children = (
				D18EBD0526B7E0F000F06DC7 /* HelloWorldUITests.swift */,
				D18EBD0726B7E0F000F06DC7 /* Info.plist */,
			);
			path = HelloWorldUITests;
			sourceTree = "<group>";
		};
/* End PBXGroup section */

/* Begin PBXNativeTarget section */
		D18EBCDF26B7E0EE00F06DC7 /* HelloWorld */ = {
			isa = PBXNativeTarget;
			buildConfigurationList = D18EBD0A26B7E0F000F06DC7 /* Build configuration list for PBXNativeTarget "HelloWorld" */;
			buildPhases = (
				D18EBCDC26B7E0EE00F06DC7 /* Sources */,
				D18EBCDD26B7E0EE00F06DC7 /* Frameworks */,
				D18EBCDE26B7E0EE00F06DC7 /* Resources */,
			);
			buildRules = (
			);
			dependencies = (
			);
			name = HelloWorld;
			productName = HelloWorld;
			productReference = D18EBCE026B7E0EE00F06DC7 /* HelloWorld.app */;
			productType = "com.apple.product-type.application";
		};
		D18EBCF526B7E0F000F06DC7 /* HelloWorldTests */ = {
			isa = PBXNativeTarget;
			buildConfigurationList = D18EBD0D26B7E0F000F06DC7 /* Build configuration list for PBXNativeTarget "HelloWorldTests" */;
			buildPhases = (
				D18EBCF226B7E0F000F06DC7 /* Sources */,
				D18EBCF326B7E0F000F06DC7 /* Frameworks */,
				D18EBCF426B7E0F000F06DC7 /* Resources */,
			);
			buildRules = (
			);
			dependencies = (
				D18EBCF826B7E0F000F06DC7 /* PBXTargetDependency */,
			);
			name = HelloWorldTests;
			productName = HelloWorldTests;
			productReference = D18EBCF626B7E0F000F06DC7 /* HelloWorldTests.xctest */;
			productType = "com.apple.product-type.bundle.unit-test";
		};
		D18EBD0026B7E0F000F06DC7 /* HelloWorldUITests */ = {
			isa = PBXNativeTarget;
			buildConfigurationList = D18EBD1026B7E0F000F06DC7 /* Build configuration list for PBXNativeTarget "HelloWorldUITests" */;
			buildPhases = (
				D18EBCFD26B7E0F000F06DC7 /* Sources */,
				D18EBCFE26B7E0F000F06DC7 /* Frameworks */,
				D18EBCFF26B7E0F000F06DC7 /* Resources */,
			);
			buildRules = (
			);
			dependencies = (
				D18EBD0326B7E0F000F06DC7 /* PBXTargetDependency */,
			);
			name = HelloWorldUITests;
			productName = HelloWorldUITests;
			productReference = D18EBD0126B7E0F000F06DC7 /* HelloWorldUITests.xctest */;
			productType = "com.apple.product-type.bundle.ui-testing";
		};
/* End PBXNativeTarget section */

/* Begin PBXProject section */
		D18EBCD826B7E0ED00F06DC7 /* Project object */ = {
			isa = PBXProject;
			attributes = {
				LastSwiftUpdateCheck = 1250;
				LastUpgradeCheck = 1250;
				TargetAttributes = {
					D18EBCDF26B7E0EE00F06DC7 = {
						CreatedOnToolsVersion = 12.5.1;
					};
					D18EBCF526B7E0F000F06DC7 = {
						CreatedOnToolsVersion = 12.5.1;
						TestTargetID = D18EBCDF26B7E0EE00F06DC7;
					};
					D18EBD0026B7E0F000F06DC7 = {
						CreatedOnToolsVersion = 12.5.1;
						TestTargetID = D18EBCDF26B7E0EE00F06DC7;
					};
				};
			};
			buildConfigurationList = D18EBCDB26B7E0EE00F06DC7 /* Build configuration list for PBXProject "HelloWorld" */;
			compatibilityVersion = "Xcode 9.3";
			developmentRegion = en;
			hasScannedForEncodings = 0;
			knownRegions = (
				en,
				Base,
			);
			mainGroup = D18EBCD726B7E0ED00F06DC7;
			productRefGroup = D18EBCE126B7E0EE00F06DC7 /* Products */;
			projectDirPath = "";
			projectRoot = "";
			targets = (
				D18EBCDF26B7E0EE00F06DC7 /* HelloWorld */,
				D18EBCF526B7E0F000F06DC7 /* HelloWorldTests */,
				D18EBD0026B7E0F000F06DC7 /* HelloWorldUITests */,
			);
		};
/* End PBXProject section */

/* Begin PBXResourcesBuildPhase section */
		D18EBCDE26B7E0EE00F06DC7 /* Resources */ = {
			isa = PBXResourcesBuildPhase;
			buildActionMask = 2147483647;
			files = (
				D18EBCF026B7E0F000F06DC7 /* LaunchScreen.storyboard in Resources */,
				D18EBCED26B7E0F000F06DC7 /* Assets.xcassets in Resources */,
				D18EBCEB26B7E0EE00F06DC7 /* Main.storyboard in Resources */,
			);
			runOnlyForDeploymentPostprocessing = 0;
		};
		D18EBCF426B7E0F000F06DC7 /* Resources */ = {
			isa = PBXResourcesBuildPhase;
			buildActionMask = 2147483647;
			files = (
			);
			runOnlyForDeploymentPostprocessing = 0;
		};
		D18EBCFF26B7E0F000F06DC7 /* Resources */ = {
			isa = PBXResourcesBuildPhase;
			buildActionMask = 2147483647;
			files = (
			);
			runOnlyForDeploymentPostprocessing = 0;
		};
/* End PBXResourcesBuildPhase section */

/* Begin PBXSourcesBuildPhase section */
		D18EBCDC26B7E0EE00F06DC7 /* Sources */ = {
			isa = PBXSourcesBuildPhase;
			buildActionMask = 2147483647;
			files = (
				D18EBCE826B7E0EE00F06DC7 /* ViewController.swift in Sources */,
				D18EBCE426B7E0EE00F06DC7 /* AppDelegate.swift in Sources */,
				D18EBCE626B7E0EE00F06DC7 /* SceneDelegate.swift in Sources */,
			);
			runOnlyForDeploymentPostprocessing = 0;
		};
		D18EBCF226B7E0F000F06DC7 /* Sources */ = {
			isa = PBXSourcesBuildPhase;
			buildActionMask = 2147483647;
			files = (
				D18EBCFB26B7E0F000F06DC7 /* HelloWorldTests.swift in Sources */,
			);
			runOnlyForDeploymentPostprocessing = 0;
		};
		D18EBCFD26B7E0F000F06DC7 /* Sources */ = {
			isa = PBXSourcesBuildPhase;
			buildActionMask = 2147483647;
			files = (
				D18EBD0626B7E0F000F06DC7 /* HelloWorldUITests.swift in Sources */,
			);
			runOnlyForDeploymentPostprocessing = 0;
		};
/* End PBXSourcesBuildPhase section */

/* Begin PBXTargetDependency section */
		D18EBCF826B7E0F000F06DC7 /* PBXTargetDependency */ = {
			isa = PBXTargetDependency;
			target = D18EBCDF26B7E0EE00F06DC7 /* HelloWorld */;
			targetProxy = D18EBCF726B7E0F000F06DC7 /* PBXContainerItemProxy */;
		};
		D18EBD0326B7E0F000F06DC7 /* PBXTargetDependency */ = {
			isa = PBXTargetDependency;
			target = D18EBCDF26B7E0EE00F06DC7 /* HelloWorld */;
			targetProxy = D18EBD0226B7E0F000F06DC7 /* PBXContainerItemProxy */;
		};
/* End PBXTargetDependency section */

/* Begin PBXVariantGroup section */
		D18EBCE926B7E0EE00F06DC7 /* Main.storyboard */ = {
			isa = PBXVariantGroup;
			children = (
				D18EBCEA26B7E0EE00F06DC7 /* Base */,
			);
			name = Main.storyboard;
			sourceTree = "<group>";
		};
		D18EBCEE26B7E0F000F06DC7 /* LaunchScreen.storyboard */ = {
			isa = PBXVariantGroup;
			children = (
				D18EBCEF26B7E0F000F06DC7 /* Base */,
			);
			name = LaunchScreen.storyboard;
			sourceTree = "<group>";
		};
/* End PBXVariantGroup section */

/* Begin XCBuildConfiguration section */
		D18EBD0826B7E0F000F06DC7 /* Debug */ = {
			isa = XCBuildConfiguration;
			buildSettings = {
				ALWAYS_SEARCH_USER_PATHS = NO;
				CLANG_ANALYZER_NONNULL = YES;
				CLANG_ANALYZER_NUMBER_OBJECT_CONVERSION = YES_AGGRESSIVE;
				CLANG_CXX_LANGUAGE_STANDARD = "gnu++14";
				CLANG_CXX_LIBRARY = "libc++";
				CLANG_ENABLE_MODULES = YES;
				CLANG_ENABLE_OBJC_ARC = YES;
				CLANG_ENABLE_OBJC_WEAK = YES;
				CLANG_WARN_BLOCK_CAPTURE_AUTORELEASING = YES;
				CLANG_WARN_BOOL_CONVERSION = YES;
				CLANG_WARN_COMMA = YES;
				CLANG_WARN_CONSTANT_CONVERSION = YES;
				CLANG_WARN_DEPRECATED_OBJC_IMPLEMENTATIONS = YES;
				CLANG_WARN_DIRECT_OBJC_ISA_USAGE = YES_ERROR;
				CLANG_WARN_DOCUMENTATION_COMMENTS = YES;
				CLANG_WARN_EMPTY_BODY = YES;
				CLANG_WARN_ENUM_CONVERSION = YES;
				CLANG_WARN_INFINITE_RECURSION = YES;
				CLANG_WARN_INT_CONVERSION = YES;
				CLANG_WARN_NON_LITERAL_NULL_CONVERSION = YES;
				CLANG_WARN_OBJC_IMPLICIT_RETAIN_SELF = YES;
				CLANG_WARN_OBJC_LITERAL_CONVERSION = YES;
				CLANG_WARN_OBJC_ROOT_CLASS = YES_ERROR;
				CLANG_WARN_QUOTED_INCLUDE_IN_FRAMEWORK_HEADER = YES;
				CLANG_WARN_RANGE_LOOP_ANALYSIS = YES;
				CLANG_WARN_STRICT_PROTOTYPES = YES;
				CLANG_WARN_SUSPICIOUS_MOVE = YES;
				CLANG_WARN_UNGUARDED_AVAILABILITY = YES_AGGRESSIVE;
				CLANG_WARN_UNREACHABLE_CODE = YES;
				CLANG_WARN__DUPLICATE_METHOD_MATCH = YES;
				COPY_PHASE_STRIP = NO;
				DEBUG_INFORMATION_FORMAT = dwarf;
				ENABLE_STRICT_OBJC_MSGSEND = YES;
				ENABLE_TESTABILITY = YES;
				GCC_C_LANGUAGE_STANDARD = gnu11;
				GCC_DYNAMIC_NO_PIC = NO;
				GCC_NO_COMMON_BLOCKS = YES;
				GCC_OPTIMIZATION_LEVEL = 0;
				GCC_PREPROCESSOR_DEFINITIONS = (
					"DEBUG=1",
					"$(inherited)",
				);
				GCC_WARN_64_TO_32_BIT_CONVERSION = YES;
				GCC_WARN_ABOUT_RETURN_TYPE = YES_ERROR;
				GCC_WARN_UNDECLARED_SELECTOR = YES;
				GCC_WARN_UNINITIALIZED_AUTOS = YES_AGGRESSIVE;
				GCC_WARN_UNUSED_FUNCTION = YES;
				GCC_WARN_UNUSED_VARIABLE = YES;
				IPHONEOS_DEPLOYMENT_TARGET = 14.5;
				MTL_ENABLE_DEBUG_INFO = INCLUDE_SOURCE;
				MTL_FAST_MATH = YES;
				ONLY_ACTIVE_ARCH = YES;
				SDKROOT = iphoneos;
				SWIFT_ACTIVE_COMPILATION_CONDITIONS = DEBUG;
				SWIFT_OPTIMIZATION_LEVEL = "-Onone";
			};
			name = Debug;
		};
		D18EBD0926B7E0F000F06DC7 /* Release */ = {
			isa = XCBuildConfiguration;
			buildSettings = {
				ALWAYS_SEARCH_USER_PATHS = NO;
				CLANG_ANALYZER_NONNULL = YES;
				CLANG_ANALYZER_NUMBER_OBJECT_CONVERSION = YES_AGGRESSIVE;
				CLANG_CXX_LANGUAGE_STANDARD = "gnu++14";
				CLANG_CXX_LIBRARY = "libc++";
				CLANG_ENABLE_MODULES = YES;
				CLANG_ENABLE_OBJC_ARC = YES;
				CLANG_ENABLE_OBJC_WEAK = YES;
				CLANG_WARN_BLOCK_CAPTURE_AUTORELEASING = YES;
				CLANG_WARN_BOOL_CONVERSION = YES;
				CLANG_WARN_COMMA = YES;
				CLANG_WARN_CONSTANT_CONVERSION = YES;
				CLANG_WARN_DEPRECATED_OBJC_IMPLEMENTATIONS = YES;
				CLANG_WARN_DIRECT_OBJC_ISA_USAGE = YES_ERROR;
				CLANG_WARN_DOCUMENTATION_COMMENTS = YES;
				CLANG_WARN_EMPTY_BODY = YES;
				CLANG_WARN_ENUM_CONVERSION = YES;
				CLANG_WARN_INFINITE_RECURSION = YES;
				CLANG_WARN_INT_CONVERSION = YES;
				CLANG_WARN_NON_LITERAL_NULL_CONVERSION = YES;
				CLANG_WARN_OBJC_IMPLICIT_RETAIN_SELF = YES;
				CLANG_WARN_OBJC_LITERAL_CONVERSION = YES;
				CLANG_WARN_OBJC_ROOT_CLASS = YES_ERROR;
				CLANG_WARN_QUOTED_INCLUDE_IN_FRAMEWORK_HEADER = YES;
				CLANG_WARN_RANGE_LOOP_ANALYSIS = YES;
				CLANG_WARN_STRICT_PROTOTYPES = YES;
				CLANG_WARN_SUSPICIOUS_MOVE = YES;
				CLANG_WARN_UNGUARDED_AVAILABILITY = YES_AGGRESSIVE;
				CLANG_WARN_UNREACHABLE_CODE = YES;
				CLANG_WARN__DUPLICATE_METHOD_MATCH = YES;
				COPY_PHASE_STRIP = NO;
				DEBUG_INFORMATION_FORMAT = "dwarf-with-dsym";
				ENABLE_NS_ASSERTIONS = NO;
				ENABLE_STRICT_OBJC_MSGSEND = YES;
				GCC_C_LANGUAGE_STANDARD = gnu11;
				GCC_NO_COMMON_BLOCKS = YES;
				GCC_WARN_64_TO_32_BIT_CONVERSION = YES;
				GCC_WARN_ABOUT_RETURN_TYPE = YES_ERROR;
				GCC_WARN_UNDECLARED_SELECTOR = YES;
				GCC_WARN_UNINITIALIZED_AUTOS = YES_AGGRESSIVE;
				GCC_WARN_UNUSED_FUNCTION = YES;
				GCC_WARN_UNUSED_VARIABLE = YES;
				IPHONEOS_DEPLOYMENT_TARGET = 14.5;
				MTL_ENABLE_DEBUG_INFO = NO;
				MTL_FAST_MATH = YES;
				SDKROOT = iphoneos;
				SWIFT_COMPILATION_MODE = wholemodule;
				SWIFT_OPTIMIZATION_LEVEL = "-O";
				VALIDATE_PRODUCT = YES;
			};
			name = Release;
		};
		D18EBD0B26B7E0F000F06DC7 /* Debug */ = {
			isa = XCBuildConfiguration;
			buildSettings = {
				ASSETCATALOG_COMPILER_APPICON_NAME = AppIcon;
				ASSETCATALOG_COMPILER_GLOBAL_ACCENT_COLOR_NAME = AccentColor;
				CODE_SIGN_STYLE = Automatic;
				INFOPLIST_FILE = HelloWorld/Info.plist;
				LD_RUNPATH_SEARCH_PATHS = (
					"$(inherited)",
					"@executable_path/Frameworks",
				);
				PRODUCT_BUNDLE_IDENTIFIER = com.yourcompany.HelloWorld;
				PRODUCT_NAME = "$(TARGET_NAME)";
				SWIFT_VERSION = 5.0;
				TARGETED_DEVICE_FAMILY = "1,2";
			};
			name = Debug;
		};
		D18EBD0C26B7E0F000F06DC7 /* Release */ = {
			isa = XCBuildConfiguration;
			buildSettings = {
				ASSETCATALOG_COMPILER_APPICON_NAME = AppIcon;
				ASSETCATALOG_COMPILER_GLOBAL_ACCENT_COLOR_NAME = AccentColor;
				CODE_SIGN_STYLE = Automatic;
				INFOPLIST_FILE = HelloWorld/Info.plist;
				LD_RUNPATH_SEARCH_PATHS = (
					"$(inherited)",
					"@executable_path/Frameworks",
				);
				PRODUCT_BUNDLE_IDENTIFIER = com.yourcompany.HelloWorld;
				PRODUCT_NAME = "$(TARGET_NAME)";
				SWIFT_VERSION = 5.0;
				TARGETED_DEVICE_FAMILY = "1,2";
			};
			name = Release;
		};
		D18EBD0E26B7E0F000F06DC7 /* Debug */ = {
			isa = XCBuildConfiguration;
			buildSettings = {
				ALWAYS_EMBED_SWIFT_STANDARD_LIBRARIES = YES;
				BUNDLE_LOADER = "$(TEST_HOST)";
				CODE_SIGN_STYLE = Automatic;
				INFOPLIST_FILE = HelloWorldTests/Info.plist;
				IPHONEOS_DEPLOYMENT_TARGET = 14.5;
				LD_RUNPATH_SEARCH_PATHS = (
					"$(inherited)",
					"@executable_path/Frameworks",
					"@loader_path/Frameworks",
				);
				PRODUCT_BUNDLE_IDENTIFIER = com.yourcompany.HelloWorldTests;
				PRODUCT_NAME = "$(TARGET_NAME)";
				SWIFT_VERSION = 5.0;
				TARGETED_DEVICE_FAMILY = "1,2";
				TEST_HOST = "$(BUILT_PRODUCTS_DIR)/HelloWorld.app/HelloWorld";
			};
			name = Debug;
		};
		D18EBD0F26B7E0F000F06DC7 /* Release */ = {
			isa = XCBuildConfiguration;
			buildSettings = {
				ALWAYS_EMBED_SWIFT_STANDARD_LIBRARIES = YES;
				BUNDLE_LOADER = "$(TEST_HOST)";
				CODE_SIGN_STYLE = Automatic;
				INFOPLIST_FILE = HelloWorldTests/Info.plist;
				IPHONEOS_DEPLOYMENT_TARGET = 14.5;
				LD_RUNPATH_SEARCH_PATHS = (
					"$(inherited)",
					"@executable_path/Frameworks",
					"@loader_path/Frameworks",
				);
				PRODUCT_BUNDLE_IDENTIFIER = com.yourcompany.HelloWorldTests;
				PRODUCT_NAME = "$(TARGET_NAME)";
				SWIFT_VERSION = 5.0;
				TARGETED_DEVICE_FAMILY = "1,2";
				TEST_HOST = "$(BUILT_PRODUCTS_DIR)/HelloWorld.app/HelloWorld";
			};
			name = Release;
		};
		D18EBD1126B7E0F000F06DC7 /* Debug */ = {
			isa = XCBuildConfiguration;
			buildSettings = {
				ALWAYS_EMBED_SWIFT_STANDARD_LIBRARIES = YES;
				CODE_SIGN_STYLE = Automatic;
				INFOPLIST_FILE = HelloWorldUITests/Info.plist;
				LD_RUNPATH_SEARCH_PATHS = (
					"$(inherited)",
					"@executable_path/Frameworks",
					"@loader_path/Frameworks",
				);
				PRODUCT_BUNDLE_IDENTIFIER = com.yourcompany.HelloWorldUITests;
				PRODUCT_NAME = "$(TARGET_NAME)";
				SWIFT_VERSION = 5.0;
				TARGETED_DEVICE_FAMILY = "1,2";
				TEST_TARGET_NAME = HelloWorld;
			};
			name = Debug;
		};
		D18EBD1226B7E0F000F06DC7 /* Release */ = {
			isa = XCBuildConfiguration;
			buildSettings = {
				ALWAYS_EMBED_SWIFT_STANDARD_LIBRARIES = YES;
				CODE_SIGN_STYLE = Automatic;
				INFOPLIST_FILE = HelloWorldUITests/Info.plist;
				LD_RUNPATH_SEARCH_PATHS = (
					"$(inherited)",
					"@executable_path/Frameworks",
					"@loader_path/Frameworks",
				);
				PRODUCT_BUNDLE_IDENTIFIER = com.yourcompany.HelloWorldUITests;
				PRODUCT_NAME = "$(TARGET_NAME)";
				SWIFT_VERSION = 5.0;
				TARGETED_DEVICE_FAMILY = "1,2";
				TEST_TARGET_NAME = HelloWorld;
			};
			name = Release;
		};
/* End XCBuildConfiguration section */

/* Begin XCConfigurationList section */
		D18EBCDB26B7E0EE00F06DC7 /* Build configuration list for PBXProject "HelloWorld" */ = {
			isa = XCConfigurationList;
			buildConfigurations = (
				D18EBD0826B7E0F000F06DC7 /* Debug */,
				D18EBD0926B7E0F000F06DC7 /* Release */,
			);
			defaultConfigurationIsVisible = 0;
			defaultConfigurationName = Release;
		};
		D18EBD0A26B7E0F000F06DC7 /* Build configuration list for PBXNativeTarget "HelloWorld" */ = {
			isa = XCConfigurationList;
			buildConfigurations = (
				D18EBD0B26B7E0F000F06DC7 /* Debug */,
				D18EBD0C26B7E0F000F06DC7 /* Release */,
			);
			defaultConfigurationIsVisible = 0;
			defaultConfigurationName = Release;
		};
		D18EBD0D26B7E0F000F06DC7 /* Build configuration list for PBXNativeTarget "HelloWorldTests" */ = {
			isa = XCConfigurationList;
			buildConfigurations = (
				D18EBD0E26B7E0F000F06DC7 /* Debug */,
				D18EBD0F26B7E0F000F06DC7 /* Release */,
			);
			defaultConfigurationIsVisible = 0;
			defaultConfigurationName = Release;
		};
		D18EBD1026B7E0F000F06DC7 /* Build configuration list for PBXNativeTarget "HelloWorldUITests" */ = {
			isa = XCConfigurationList;
			buildConfigurations = (
				D18EBD1126B7E0F000F06DC7 /* Debug */,
				D18EBD1226B7E0F000F06DC7 /* Release */,
			);
			defaultConfigurationIsVisible = 0;
			defaultConfigurationName = Release;
		};
/* End XCConfigurationList section */
	};
	rootObject = D18EBCD826B7E0ED00F06DC7 /* Project object */;
}
